
Microsoft Visual Studio Solution File, Format Version 12.00
# Visual Studio Version 17
VisualStudioVersion = 17.8.34330.188
MinimumVisualStudioVersion = 10.0.40219.1
Project("{FAE04EC0-301F-11D3-BF4B-00C04F79EFBC}") = "WebAPIIntro", "WebAPIIntro\WebAPIIntro.csproj", "{C7D5DD81-2140-4A50-AF9C-E377E7FAF308}"
EndProject
Global
	GlobalSection(SolutionConfigurationPlatforms) = preSolution
		Debug|Any CPU = Debug|Any CPU
		Release|Any CPU = Release|Any CPU
	EndGlobalSection
	GlobalSection(ProjectConfigurationPlatforms) = postSolution
		{C7D5DD81-2140-4A50-AF9C-E377E7FAF308}.Debug|Any CPU.ActiveCfg = Debug|Any CPU
		{C7D5DD81-2140-4A50-AF9C-E377E7FAF308}.Debug|Any CPU.Build.0 = Debug|Any CPU
		{C7D5DD81-2140-4A50-AF9C-E377E7FAF308}.Release|Any CPU.ActiveCfg = Release|Any CPU
		{C7D5DD81-2140-4A50-AF9C-E377E7FAF308}.Release|Any CPU.Build.0 = Release|Any CPU
	EndGlobalSection
	GlobalSection(SolutionProperties) = preSolution
		HideSolutionNode = FALSE
	EndGlobalSection
	GlobalSection(ExtensibilityGlobals) = postSolution
		SolutionGuid = {A258CB7E-70A7-4976-9CE9-818D6731491B}
	EndGlobalSection
EndGlobal
